version = 1
revision = 3
requires-python = ">=3.12"

[[package]]
name = "asyncio"
version = "4.0.0"
source = { registry = "https://pypi.org/simple" }
sdist = { url = "https://files.pythonhosted.org/packages/71/ea/26c489a11f7ca862d5705db67683a7361ce11c23a7b98fc6c2deaeccede2/asyncio-4.0.0.tar.gz", hash = "sha256:570cd9e50db83bc1629152d4d0b7558d6451bb1bfd5dfc2e935d96fc2f40329b", size = 5371, upload-time = "2025-08-05T02:51:46.605Z" }
wheels = [
    { url = "https://files.pythonhosted.org/packages/57/64/eff2564783bd650ca25e15938d1c5b459cda997574a510f7de69688cb0b4/asyncio-4.0.0-py3-none-any.whl", hash = "sha256:c1eddb0659231837046809e68103969b2bef8b0400d59cfa6363f6b5ed8cc88b", size = 5555, upload-time = "2025-08-05T02:51:45.767Z" },
]

[[package]]
name = "hid"
version = "1.0.8"
source = { registry = "https://pypi.org/simple" }
sdist = { url = "https://files.pythonhosted.org/packages/29/42/9cd3eab530ffae5e0ff880c575fd18cfdfe292b71f1e9872c392329f35fd/hid-1.0.8.tar.gz", hash = "sha256:5ca129a7b9434ace5e3e429c1092a16792feffaf067a46b666e9c586872cdcfe", size = 4967, upload-time = "2025-06-28T16:20:27.576Z" }
wheels = [
    { url = "https://files.pythonhosted.org/packages/ee/52/24bfaee85a5e25f2d1a389944a3576d408ab3ca935176e892cbef47b92b6/hid-1.0.8-py3-none-any.whl", hash = "sha256:9b6fac92098322ae5d8d839c2bb30620b7533284bcf5f3e6aedcc0483c388046", size = 4949, upload-time = "2025-06-28T16:20:26.745Z" },
]

[[package]]
name = "master4"
version = "0.1.0"
source = { virtual = "." }
dependencies = [
    { name = "asyncio" },
    { name = "hid" },
]

[package.metadata]
requires-dist = [
    { name = "asyncio", specifier = ">=4.0.0" },
    { name = "hid" },
]
